
Microsoft Visual Studio Solution File, Format Version 12.00
# Visual Studio Version 16
VisualStudioVersion = 16.0.29521.150
MinimumVisualStudioVersion = 15.0.26124.0
Project("{9A19103F-16F7-4668-BE54-9A1E7A4F7556}") = "Swashbuckle.FlattenAllOf.Extension", "Swashbuckle.FlattenAllOf.Extension\Swashbuckle.FlattenAllOf.Extension.csproj", "{4834B551-9955-45AF-BE54-3E08E3B99F51}"
EndProject
Project("{9A19103F-16F7-4668-BE54-9A1E7A4F7556}") = "SampleApp9000", "SampleApp9000\SampleApp9000.csproj", "{2C6C800F-105B-4326-9555-84E2EE13937F}"
EndProject
Global
	GlobalSection(SolutionConfigurationPlatforms) = preSolution
		Debug|Any CPU = Debug|Any CPU
		Debug|x64 = Debug|x64
		Debug|x86 = Debug|x86
		Release|Any CPU = Release|Any CPU
		Release|x64 = Release|x64
		Release|x86 = Release|x86
	EndGlobalSection
	GlobalSection(ProjectConfigurationPlatforms) = postSolution
		{4834B551-9955-45AF-BE54-3E08E3B99F51}.Debug|Any CPU.ActiveCfg = Debug|Any CPU
		{4834B551-9955-45AF-BE54-3E08E3B99F51}.Debug|Any CPU.Build.0 = Debug|Any CPU
		{4834B551-9955-45AF-BE54-3E08E3B99F51}.Debug|x64.ActiveCfg = Debug|Any CPU
		{4834B551-9955-45AF-BE54-3E08E3B99F51}.Debug|x64.Build.0 = Debug|Any CPU
		{4834B551-9955-45AF-BE54-3E08E3B99F51}.Debug|x86.ActiveCfg = Debug|Any CPU
		{4834B551-9955-45AF-BE54-3E08E3B99F51}.Debug|x86.Build.0 = Debug|Any CPU
		{4834B551-9955-45AF-BE54-3E08E3B99F51}.Release|Any CPU.ActiveCfg = Release|Any CPU
		{4834B551-9955-45AF-BE54-3E08E3B99F51}.Release|Any CPU.Build.0 = Release|Any CPU
		{4834B551-9955-45AF-BE54-3E08E3B99F51}.Release|x64.ActiveCfg = Release|Any CPU
		{4834B551-9955-45AF-BE54-3E08E3B99F51}.Release|x64.Build.0 = Release|Any CPU
		{4834B551-9955-45AF-BE54-3E08E3B99F51}.Release|x86.ActiveCfg = Release|Any CPU
		{4834B551-9955-45AF-BE54-3E08E3B99F51}.Release|x86.Build.0 = Release|Any CPU
		{2C6C800F-105B-4326-9555-84E2EE13937F}.Debug|Any CPU.ActiveCfg = Debug|Any CPU
		{2C6C800F-105B-4326-9555-84E2EE13937F}.Debug|Any CPU.Build.0 = Debug|Any CPU
		{2C6C800F-105B-4326-9555-84E2EE13937F}.Debug|x64.ActiveCfg = Debug|Any CPU
		{2C6C800F-105B-4326-9555-84E2EE13937F}.Debug|x64.Build.0 = Debug|Any CPU
		{2C6C800F-105B-4326-9555-84E2EE13937F}.Debug|x86.ActiveCfg = Debug|Any CPU
		{2C6C800F-105B-4326-9555-84E2EE13937F}.Debug|x86.Build.0 = Debug|Any CPU
		{2C6C800F-105B-4326-9555-84E2EE13937F}.Release|Any CPU.ActiveCfg = Release|Any CPU
		{2C6C800F-105B-4326-9555-84E2EE13937F}.Release|Any CPU.Build.0 = Release|Any CPU
		{2C6C800F-105B-4326-9555-84E2EE13937F}.Release|x64.ActiveCfg = Release|Any CPU
		{2C6C800F-105B-4326-9555-84E2EE13937F}.Release|x64.Build.0 = Release|Any CPU
		{2C6C800F-105B-4326-9555-84E2EE13937F}.Release|x86.ActiveCfg = Release|Any CPU
		{2C6C800F-105B-4326-9555-84E2EE13937F}.Release|x86.Build.0 = Release|Any CPU
	EndGlobalSection
	GlobalSection(SolutionProperties) = preSolution
		HideSolutionNode = FALSE
	EndGlobalSection
	GlobalSection(ExtensibilityGlobals) = postSolution
		SolutionGuid = {62843722-035A-4BE5-8AED-11B488F86919}
	EndGlobalSection
EndGlobal
